<?xml version="1.0" encoding="utf-8"?>
<Project ToolsVersion="4.0" xmlns="http://schemas.microsoft.com/developer/msbuild/2003">
  <ItemGroup>
    <Filter Include="Source Files">
      <UniqueIdentifier>{4FC737F1-C7A5-4376-A066-2A32D752A2FF}</UniqueIdentifier>
      <Extensions>cpp;c;cc;cxx;c++;cppm;ixx;def;odl;idl;hpj;bat;asm;asmx</Extensions>
    </Filter>
    <Filter Include="Header Files">
      <UniqueIdentifier>{93995380-89BD-4b04-88EB-625FBE52EBFB}</UniqueIdentifier>
      <Extensions>h;hh;hpp;hxx;h++;hm;inl;inc;ipp;xsd</Extensions>
    </Filter>
    <Filter Include="Resource Files">
      <UniqueIdentifier>{67DA6AB6-F800-4c08-8B7A-83BB121AAD01}</UniqueIdentifier>
      <Extensions>rc;ico;cur;bmp;dlg;rc2;rct;bin;rgs;gif;jpg;jpeg;jpe;resx;tiff;tif;png;wav;mfcribbon-ms</Extensions>
    </Filter>
  </ItemGroup>
  <ItemGroup>
    <ClCompile Include="main.cpp">
      <Filter>Source Files</Filter>
    </ClCompile>
    <ClCompile Include="Time.cpp">
      <Filter>Source Files</Filter>
    </ClCompile>
    <ClCompile Include="Scoreboard.cpp">
      <Filter>Source Files</Filter>
    </ClCompile>
    <ClCompile Include="Game.cpp">
      <Filter>Source Files</Filter>
    </ClCompile>
    <ClCompile Include="Levels.cpp">
      <Filter>Source Files</Filter>
    </ClCompile>
    <ClCompile Include="BeginnersGarden.cpp">
      <Filter>Source Files</Filter>
    </ClCompile>
    <ClCompile Include="ZombieOutskirts.cpp">
      <Filter>Source Files</Filter>
    </ClCompile>
    <ClCompile Include="SunflowerFields.cpp">
      <Filter>Source Files</Filter>
    </ClCompile>
    <ClCompile Include="FoggyForst.cpp">
      <Filter>Source Files</Filter>
    </ClCompile>
    <ClCompile Include="NighttimeSiege.cpp">
      <Filter>Source Files</Filter>
    </ClCompile>
    <ClCompile Include="RooftopRampage.cpp">
      <Filter>Source Files</Filter>
    </ClCompile>
    <ClCompile Include="PlantFactory.cpp">
      <Filter>Source Files</Filter>
    </ClCompile>
    <ClCompile Include="Plant.cpp">
      <Filter>Source Files</Filter>
    </ClCompile>
    <ClCompile Include="Peashooter.cpp">
      <Filter>Source Files</Filter>
    </ClCompile>
    <ClCompile Include="Sunflower.cpp">
      <Filter>Source Files</Filter>
    </ClCompile>
    <ClCompile Include="Repeater.cpp">
      <Filter>Source Files</Filter>
    </ClCompile>
    <ClCompile Include="Wallnut.cpp">
      <Filter>Source Files</Filter>
    </ClCompile>
    <ClCompile Include="SnowPea.cpp">
      <Filter>Source Files</Filter>
    </ClCompile>
    <ClCompile Include="CherryBomb.cpp">
      <Filter>Source Files</Filter>
    </ClCompile>
    <ClCompile Include="SimpleZombie.cpp">
      <Filter>Source Files</Filter>
    </ClCompile>
    <ClCompile Include="FootballZombie.cpp">
      <Filter>Source Files</Filter>
    </ClCompile>
    <ClCompile Include="FlyingZombie.cpp">
      <Filter>Source Files</Filter>
    </ClCompile>
    <ClCompile Include="DancingZombie.cpp">
      <Filter>Source Files</Filter>
    </ClCompile>
    <ClCompile Include="ZombieFactory.cpp">
      <Filter>Source Files</Filter>
    </ClCompile>
    <ClCompile Include="Zombie.cpp">
      <Filter>Source Files</Filter>
    </ClCompile>
  </ItemGroup>
  <ItemGroup>
    <ClInclude Include="Time.h">
      <Filter>Header Files</Filter>
    </ClInclude>
    <ClInclude Include="Scoreboard.h">
      <Filter>Header Files</Filter>
    </ClInclude>
    <ClInclude Include="Game.h">
      <Filter>Header Files</Filter>
    </ClInclude>
    <ClInclude Include="Levels.h">
      <Filter>Header Files</Filter>
    </ClInclude>
    <ClInclude Include="BeginnersGarden.h">
      <Filter>Header Files</Filter>
    </ClInclude>
    <ClInclude Include="ZombieOutskirts.h">
      <Filter>Header Files</Filter>
    </ClInclude>
    <ClInclude Include="SunflowerFields.h">
      <Filter>Header Files</Filter>
    </ClInclude>
    <ClInclude Include="FoggyForst.h">
      <Filter>Header Files</Filter>
    </ClInclude>
    <ClInclude Include="NighttimeSiege.h">
      <Filter>Header Files</Filter>
    </ClInclude>
    <ClInclude Include="RooftopRampage.h">
      <Filter>Header Files</Filter>
    </ClInclude>
    <ClInclude Include="PlantFactory.h">
      <Filter>Header Files</Filter>
    </ClInclude>
    <ClInclude Include="Plant.h">
      <Filter>Header Files</Filter>
    </ClInclude>
    <ClInclude Include="Peashooter.h">
      <Filter>Header Files</Filter>
    </ClInclude>
    <ClInclude Include="Sunflower.h">
      <Filter>Header Files</Filter>
    </ClInclude>
    <ClInclude Include="Repeater.h">
      <Filter>Header Files</Filter>
    </ClInclude>
    <ClInclude Include="Wallnut.h">
      <Filter>Header Files</Filter>
    </ClInclude>
    <ClInclude Include="SnowPea.h">
      <Filter>Header Files</Filter>
    </ClInclude>
    <ClInclude Include="CherryBomb.h">
      <Filter>Header Files</Filter>
    </ClInclude>
    <ClInclude Include="SimpleZombie.h">
      <Filter>Header Files</Filter>
    </ClInclude>
    <ClInclude Include="FootballZombie.h">
      <Filter>Header Files</Filter>
    </ClInclude>
    <ClInclude Include="FlyingZombie.h">
      <Filter>Header Files</Filter>
    </ClInclude>
    <ClInclude Include="DancingZombie.h">
      <Filter>Header Files</Filter>
    </ClInclude>
    <ClInclude Include="ZombieFactory.h">
      <Filter>Header Files</Filter>
    </ClInclude>
    <ClInclude Include="Zombie.h">
      <Filter>Header Files</Filter>
    </ClInclude>
  </ItemGroup>
</Project>